{
  "nodes": {
    "agenix": {
      "inputs": {
        "nixpkgs": "nixpkgs"
      },
      "locked": {
        "lastModified": 1637041172,
        "narHash": "sha256-ahzkJGFaC8USKeV4ICtPU0POiuQk541F+AMtxAihyuU=",
        "owner": "ryantm",
        "repo": "agenix",
        "rev": "7bb0b5d7f1a4d153ae3c838ee2b6df8218cf4be2",
        "type": "github"
      },
      "original": {
        "owner": "ryantm",
        "repo": "agenix",
        "type": "github"
      }
    },
    "cachix": {
      "locked": {
        "lastModified": 1637316267,
        "narHash": "sha256-hfAA/0W3tycKKOSwP7Xt6FXLG9h/FgCu45wdGubHtV0=",
        "owner": "nixos",
        "repo": "nixpkgs",
        "rev": "24528474d2b3370f2f23879a557ae2cc92a5d50b",
        "type": "github"
      },
      "original": {
        "owner": "nixos",
        "ref": "nixos-21.05",
        "repo": "nixpkgs",
        "type": "github"
      }
    },
    "deploy-rs": {
      "inputs": {
        "flake-compat": "flake-compat",
        "nixpkgs": "nixpkgs_2",
        "utils": "utils"
      },
      "locked": {
        "lastModified": 1632822684,
        "narHash": "sha256-lt7eayYmgsD5OQwpb1XYfHpxttn43bWo7G7hIJs+zJw=",
        "owner": "serokell",
        "repo": "deploy-rs",
        "rev": "9a02de4373e0ec272d08a417b269a28ac8b961b4",
        "type": "github"
      },
      "original": {
        "owner": "serokell",
        "repo": "deploy-rs",
        "type": "github"
      }
    },
    "devshell": {
      "locked": {
        "lastModified": 1637098489,
        "narHash": "sha256-IWBYLSNSENI/fTrXdYDhuCavxcgN9+RERrPM81f6DXY=",
        "owner": "numtide",
        "repo": "devshell",
        "rev": "e8c2d4967b5c498b12551d1bb49352dcf9efa3e4",
        "type": "github"
      },
      "original": {
        "owner": "numtide",
        "repo": "devshell",
        "type": "github"
      }
    },
    "flake-compat": {
      "flake": false,
      "locked": {
        "lastModified": 1627913399,
        "narHash": "sha256-hY8g6H2KFL8ownSiFeMOjwPC8P0ueXpCVEbxgda3pko=",
        "owner": "edolstra",
        "repo": "flake-compat",
        "rev": "12c64ca55c1014cdc1b16ed5a804aa8576601ff2",
        "type": "github"
      },
      "original": {
        "owner": "edolstra",
        "repo": "flake-compat",
        "type": "github"
      }
    },
    "flake-utils": {
      "locked": {
        "lastModified": 1637014545,
        "narHash": "sha256-26IZAc5yzlD9FlDT54io1oqG/bBoyka+FJk5guaX4x4=",
        "owner": "numtide",
        "repo": "flake-utils",
        "rev": "bba5dcc8e0b20ab664967ad83d24d64cb64ec4f4",
        "type": "github"
      },
      "original": {
        "owner": "numtide",
        "repo": "flake-utils",
        "type": "github"
      }
    },
    "flake-utils_2": {
      "locked": {
        "lastModified": 1623875721,
        "narHash": "sha256-A8BU7bjS5GirpAUv4QA+QnJ4CceLHkcXdRp4xITDB0s=",
        "owner": "numtide",
        "repo": "flake-utils",
        "rev": "f7e004a55b120c02ecb6219596820fcd32ca8772",
        "type": "github"
      },
      "original": {
        "owner": "numtide",
        "repo": "flake-utils",
        "type": "github"
      }
    },
    "home": {
      "inputs": {
        "nixpkgs": "nixpkgs_3"
      },
      "locked": {
        "lastModified": 1637398047,
        "narHash": "sha256-H6yh2VvABMhrkjYrPccc0Buak4L9jtFzsb98FsNDM2Q=",
        "owner": "nix-community",
        "repo": "home-manager",
        "rev": "c82bc787b8990c89f2f7d57df652ce2424129b92",
        "type": "github"
      },
      "original": {
        "owner": "nix-community",
        "repo": "home-manager",
        "type": "github"
      }
    },
    "impermanence": {
      "locked": {
        "lastModified": 1637278200,
        "narHash": "sha256-nwPBJpjHU8J0hhZ6l4Ytvi3qhcxXJVy4jOWurmzSv3A=",
        "owner": "nix-community",
        "repo": "impermanence",
        "rev": "0616c64b0ebcf08cc74db7820e74b807274246f6",
        "type": "github"
      },
      "original": {
        "owner": "nix-community",
        "repo": "impermanence",
        "type": "github"
      }
    },
    "nixos": {
      "locked": {
        "lastModified": 1637155076,
        "narHash": "sha256-26ZPNiuzlsnXpt55Q44+yzXvp385aNAfevzVEKbrU5Q=",
        "owner": "NixOS",
        "repo": "nixpkgs",
        "rev": "715f63411952c86c8f57ab9e3e3cb866a015b5f2",
        "type": "github"
      },
      "original": {
        "owner": "NixOS",
        "ref": "nixos-unstable",
        "repo": "nixpkgs",
        "type": "github"
      }
    },
    "nixpkgs": {
      "locked": {
        "lastModified": 1618628710,
        "narHash": "sha256-9xIoU+BrCpjs5nfWcd/GlU7XCVdnNKJPffoNTxgGfhs=",
        "path": "/nix/store/z1rf17q0fxj935cmplzys4gg6nxj1as0-source",
        "rev": "7919518f0235106d050c77837df5e338fb94de5d",
        "type": "path"
      },
      "original": {
        "id": "nixpkgs",
        "type": "indirect"
      }
    },
    "nixpkgs-wayland": {
      "inputs": {
        "cachix": "cachix",
        "nixpkgs": "nixpkgs_4"
      },
      "locked": {
        "lastModified": 1637369100,
        "narHash": "sha256-M9EibmpnsKvdKXv6/suC7GKaRhp3PG8OKLsvnmz8Vjk=",
        "owner": "nix-community",
        "repo": "nixpkgs-wayland",
        "rev": "20bd2ca57f99e6c57dc0e41ef78993697dee97b3",
        "type": "github"
      },
      "original": {
        "owner": "nix-community",
        "repo": "nixpkgs-wayland",
        "type": "github"
      }
    },
    "nixpkgs_2": {
      "locked": {
        "lastModified": 1632086102,
        "narHash": "sha256-wVTcf0UclFS+zHtfPToB13jIO7n0U9N50MuRbPjQViE=",
        "owner": "NixOS",
        "repo": "nixpkgs",
        "rev": "e0ce3c683ae677cf5aab597d645520cddd13392b",
        "type": "github"
      },
      "original": {
        "owner": "NixOS",
        "ref": "nixpkgs-unstable",
        "repo": "nixpkgs",
        "type": "github"
      }
    },
    "nixpkgs_3": {
      "locked": {
        "lastModified": 1634782485,
        "narHash": "sha256-psfh4OQSokGXG0lpq3zKFbhOo3QfoeudRcaUnwMRkQo=",
        "path": "/nix/store/p53cz6rh27q40g9i0q98k3vfrz6lm12w-source",
        "rev": "34ad3ffe08adfca17fcb4e4a47bb5f3b113687be",
        "type": "path"
      },
      "original": {
        "id": "nixpkgs",
        "type": "indirect"
      }
    },
    "nixpkgs_4": {
      "locked": {
        "lastModified": 1637155076,
        "narHash": "sha256-26ZPNiuzlsnXpt55Q44+yzXvp385aNAfevzVEKbrU5Q=",
        "owner": "nixos",
        "repo": "nixpkgs",
        "rev": "715f63411952c86c8f57ab9e3e3cb866a015b5f2",
        "type": "github"
      },
      "original": {
        "owner": "nixos",
        "ref": "nixos-unstable",
        "repo": "nixpkgs",
        "type": "github"
      }
    },
    "nixpkgs_5": {
      "locked": {
        "lastModified": 1628186154,
        "narHash": "sha256-r2d0wvywFnL9z4iptztdFMhaUIAaGzrSs7kSok0PgmE=",
        "owner": "NixOS",
        "repo": "nixpkgs",
        "rev": "06552b72346632b6943c8032e57e702ea12413bf",
        "type": "github"
      },
      "original": {
        "owner": "NixOS",
        "repo": "nixpkgs",
        "type": "github"
      }
    },
    "root": {
      "inputs": {
        "agenix": "agenix",
        "deploy-rs": "deploy-rs",
        "devshell": "devshell",
        "flake-utils": "flake-utils",
        "home": "home",
        "impermanence": "impermanence",
        "nixos": "nixos",
        "nixpkgs-wayland": "nixpkgs-wayland",
        "rust-overlay": "rust-overlay",
        "unstable": "unstable"
      }
    },
    "rust-overlay": {
      "inputs": {
        "flake-utils": "flake-utils_2",
        "nixpkgs": "nixpkgs_5"
      },
      "locked": {
        "lastModified": 1637374599,
        "narHash": "sha256-mIzHDYJmUMPO5TLJuYEfZ0suCIAbEEJ0SfaGRuPruLE=",
        "owner": "oxalica",
        "repo": "rust-overlay",
        "rev": "2f57158fe403075e918fb05a689313b227883be8",
        "type": "github"
      },
      "original": {
        "owner": "oxalica",
        "repo": "rust-overlay",
        "type": "github"
      }
    },
    "unstable": {
      "locked": {
        "lastModified": 1637428448,
        "narHash": "sha256-Wy0p4DLC+zPfPdv1xsENK0yd4SecyWzqIuolENot6DM=",
        "owner": "NixOS",
        "repo": "nixpkgs",
        "rev": "9e06375eb2ced091ab083f554c7eed17d6f3429b",
        "type": "github"
      },
      "original": {
        "owner": "NixOS",
        "ref": "master",
        "repo": "nixpkgs",
        "type": "github"
      }
    },
    "utils": {
      "locked": {
        "lastModified": 1631561581,
        "narHash": "sha256-3VQMV5zvxaVLvqqUrNz3iJelLw30mIVSfZmAaauM3dA=",
        "owner": "numtide",
        "repo": "flake-utils",
        "rev": "7e5bf3925f6fbdfaf50a2a7ca0be2879c4261d19",
        "type": "github"
      },
      "original": {
        "owner": "numtide",
        "repo": "flake-utils",
        "type": "github"
      }
    }
  },
  "root": "root",
  "version": 7
}
